{
  "pins" : [
    {
      "identity" : "kindaswiftui",
      "kind" : "remoteSourceControl",
      "location" : "https://github.com/rebeloperAlpar/kindaSwiftUI.git",
      "state" : {
        "revision" : "38160836b094b702b2ae50b68d4c0a9d6c57261f",
        "version" : "1.4.2"
      }
    }
  ],
  "version" : 2
}
